Microsoft Visual Studio Solution File, Format Version 12.00
# Visual Studio Version 17
VisualStudioVersion = 17.5.2.0
MinimumVisualStudioVersion = 10.0.40219.1
Project("{FAE04EC0-301F-11D3-BF4B-00C04F79EFBC}") = "backend-test-dotnet-API", "backend-test-dotnet-API.csproj", "{E67D1FBD-C551-E70E-BF80-E08189227DC8}"
EndProject
Global
	GlobalSection(SolutionConfigurationPlatforms) = preSolution
		Debug|Any CPU = Debug|Any CPU
		Release|Any CPU = Release|Any CPU
	EndGlobalSection
	GlobalSection(ProjectConfigurationPlatforms) = postSolution
		{E67D1FBD-C551-E70E-BF80-E08189227DC8}.Debug|Any CPU.ActiveCfg = Debug|Any CPU
		{E67D1FBD-C551-E70E-BF80-E08189227DC8}.Debug|Any CPU.Build.0 = Debug|Any CPU
		{E67D1FBD-C551-E70E-BF80-E08189227DC8}.Release|Any CPU.ActiveCfg = Release|Any CPU
		{E67D1FBD-C551-E70E-BF80-E08189227DC8}.Release|Any CPU.Build.0 = Release|Any CPU
	EndGlobalSection
	GlobalSection(SolutionProperties) = preSolution
		HideSolutionNode = FALSE
	EndGlobalSection
	GlobalSection(ExtensibilityGlobals) = postSolution
		SolutionGuid = {17AE2E86-2A21-4501-9845-39B054006ADA}
	EndGlobalSection
EndGlobal
